# This file is automatically @generated by Wally.
# It is not intended for manual editing.
registry = "test"

[[package]]
name = "1foreverhd/topbarplus"
version = "3.4.0"
dependencies = []

[[package]]
name = "csqrl/colour-utils"
version = "1.4.1"
dependencies = []

[[package]]
name = "devsparkle/maid"
version = "2.1.0"
dependencies = []

[[package]]
name = "elttob/fusion"
version = "0.3.0"
dependencies = []

[[package]]
name = "evaera/promise"
version = "4.0.0"
dependencies = []

[[package]]
name = "imavafe/onyx-ui"
version = "1.0.2"
dependencies = [["ColorUtils", "csqrl/colour-utils@1.4.1"], ["Fusion", "elttob/fusion@0.3.0"]]

[[package]]
name = "lukadev-0/typed-promise"
version = "4.0.2"
dependencies = [["Promise", "evaera/promise@4.0.0"]]

[[package]]
name = "osyrisrblx/t"
version = "3.1.1"
dependencies = []

[[package]]
name = "santiago/horror-mansion"
version = "0.1.0"
dependencies = [["fusion", "elttob/fusion@0.3.0"], ["loader", "sleitnick/loader@2.0.0"], ["maid", "devsparkle/maid@2.1.0"], ["net", "sleitnick/net@0.2.0"], ["onyx-ui", "imavafe/onyx-ui@1.0.2"], ["promise", "lukadev-0/typed-promise@4.0.2"], ["signal", "sleitnick/signal@2.0.3"], ["t", "osyrisrblx/t@3.1.1"], ["topbarplus", "1foreverhd/topbarplus@3.4.0"]]

[[package]]
name = "sleitnick/loader"
version = "2.0.0"
dependencies = []

[[package]]
name = "sleitnick/net"
version = "0.2.0"
dependencies = []

[[package]]
name = "sleitnick/signal"
version = "2.0.3"
dependencies = []
